
Microsoft Visual Studio Solution File, Format Version 12.00
# Visual Studio Version 16
VisualStudioVersion = 16.0.30225.117
MinimumVisualStudioVersion = 10.0.40219.1
Project("{FAE04EC0-301F-11D3-BF4B-00C04F79EFBC}") = "AdminLTE-with-ASP.NET", "AdminLTE-with-ASP.NET\AdminLTE-with-ASP.NET.csproj", "{80B5F7D2-6ABA-4240-B294-DC5006FC9C55}"
EndProject
Global
	GlobalSection(SolutionConfigurationPlatforms) = preSolution
		Debug|Any CPU = Debug|Any CPU
		Release|Any CPU = Release|Any CPU
	EndGlobalSection
	GlobalSection(ProjectConfigurationPlatforms) = postSolution
		{80B5F7D2-6ABA-4240-B294-DC5006FC9C55}.Debug|Any CPU.ActiveCfg = Debug|Any CPU
		{80B5F7D2-6ABA-4240-B294-DC5006FC9C55}.Debug|Any CPU.Build.0 = Debug|Any CPU
		{80B5F7D2-6ABA-4240-B294-DC5006FC9C55}.Release|Any CPU.ActiveCfg = Release|Any CPU
		{80B5F7D2-6ABA-4240-B294-DC5006FC9C55}.Release|Any CPU.Build.0 = Release|Any CPU
	EndGlobalSection
	GlobalSection(SolutionProperties) = preSolution
		HideSolutionNode = FALSE
	EndGlobalSection
	GlobalSection(ExtensibilityGlobals) = postSolution
		SolutionGuid = {F52BFADA-81F2-4B5C-8369-ACF085CC9926}
	EndGlobalSection
EndGlobal
